
Microsoft Visual Studio Solution File, Format Version 12.00
# Visual Studio Version 17
VisualStudioVersion = 17.5.33414.496
MinimumVisualStudioVersion = 10.0.40219.1
Project("{FAE04EC0-301F-11D3-BF4B-00C04F79EFBC}") = "ListVsArrayPerformance", "ListVsArrayPerformance\ListVsArrayPerformance.csproj", "{FC17C8EA-4274-4F7D-BD7F-DF71A591ACEB}"
EndProject
Global
	GlobalSection(SolutionConfigurationPlatforms) = preSolution
		Debug|Any CPU = Debug|Any CPU
		Release|Any CPU = Release|Any CPU
	EndGlobalSection
	GlobalSection(ProjectConfigurationPlatforms) = postSolution
		{FC17C8EA-4274-4F7D-BD7F-DF71A591ACEB}.Debug|Any CPU.ActiveCfg = Debug|Any CPU
		{FC17C8EA-4274-4F7D-BD7F-DF71A591ACEB}.Debug|Any CPU.Build.0 = Debug|Any CPU
		{FC17C8EA-4274-4F7D-BD7F-DF71A591ACEB}.Release|Any CPU.ActiveCfg = Release|Any CPU
		{FC17C8EA-4274-4F7D-BD7F-DF71A591ACEB}.Release|Any CPU.Build.0 = Release|Any CPU
	EndGlobalSection
	GlobalSection(SolutionProperties) = preSolution
		HideSolutionNode = FALSE
	EndGlobalSection
	GlobalSection(ExtensibilityGlobals) = postSolution
		SolutionGuid = {1DBCD05F-0FDF-4780-8467-EBB60F41FD9A}
	EndGlobalSection
EndGlobal
